// !$*UTF8*$!
{
	archiveVersion = 1;
	classes = {
	};
	objectVersion = 56;
	objects = {

/* Begin PBXBuildFile section */
		04F0072B2AD4966300E052CB /* RoutingApp.swift in Sources */ = {isa = PBXBuildFile; fileRef = 04F0072A2AD4966300E052CB /* RoutingApp.swift */; };
		04F0072D2AD4966300E052CB /* ContentView.swift in Sources */ = {isa = PBXBuildFile; fileRef = 04F0072C2AD4966300E052CB /* ContentView.swift */; };
		04F0072F2AD4966700E052CB /* Assets.xcassets in Resources */ = {isa = PBXBuildFile; fileRef = 04F0072E2AD4966700E052CB /* Assets.xcassets */; };
		04F007322AD4966700E052CB /* Preview Assets.xcassets in Resources */ = {isa = PBXBuildFile; fileRef = 04F007312AD4966700E052CB /* Preview Assets.xcassets */; };
		04F007392AD49C1600E052CB /* SecondView.swift in Sources */ = {isa = PBXBuildFile; fileRef = 04F007382AD49C1600E052CB /* SecondView.swift */; };
		04F0073B2AD49C2100E052CB /* ThirdView.swift in Sources */ = {isa = PBXBuildFile; fileRef = 04F0073A2AD49C2100E052CB /* ThirdView.swift */; };
		04F0073E2AD4C59600E052CB /* FlowStacks in Frameworks */ = {isa = PBXBuildFile; productRef = 04F0073D2AD4C59600E052CB /* FlowStacks */; };
		04F007402AD5243500E052CB /* MainCoordinator.swift in Sources */ = {isa = PBXBuildFile; fileRef = 04F0073F2AD5243500E052CB /* MainCoordinator.swift */; };
		04F007422AD54C5B00E052CB /* Navigator.swift in Sources */ = {isa = PBXBuildFile; fileRef = 04F007412AD54C5B00E052CB /* Navigator.swift */; };
		04F007442AD54C8900E052CB /* Coordinator.swift in Sources */ = {isa = PBXBuildFile; fileRef = 04F007432AD54C8900E052CB /* Coordinator.swift */; };
		04F007462AD54E9400E052CB /* MainAssembly.swift in Sources */ = {isa = PBXBuildFile; fileRef = 04F007452AD54E9400E052CB /* MainAssembly.swift */; };
		04F007492AD54EB400E052CB /* Swinject in Frameworks */ = {isa = PBXBuildFile; productRef = 04F007482AD54EB400E052CB /* Swinject */; };
		04F0074B2AD54EB400E052CB /* Swinject-Dynamic in Frameworks */ = {isa = PBXBuildFile; productRef = 04F0074A2AD54EB400E052CB /* Swinject-Dynamic */; };
		04F0074D2AD554C400E052CB /* DependencyProvider.swift in Sources */ = {isa = PBXBuildFile; fileRef = 04F0074C2AD554C300E052CB /* DependencyProvider.swift */; };
/* End PBXBuildFile section */

/* Begin PBXFileReference section */
		04F007272AD4966300E052CB /* Routing.app */ = {isa = PBXFileReference; explicitFileType = wrapper.application; includeInIndex = 0; path = Routing.app; sourceTree = BUILT_PRODUCTS_DIR; };
		04F0072A2AD4966300E052CB /* RoutingApp.swift */ = {isa = PBXFileReference; lastKnownFileType = sourcecode.swift; path = RoutingApp.swift; sourceTree = "<group>"; };
		04F0072C2AD4966300E052CB /* ContentView.swift */ = {isa = PBXFileReference; lastKnownFileType = sourcecode.swift; path = ContentView.swift; sourceTree = "<group>"; };
		04F0072E2AD4966700E052CB /* Assets.xcassets */ = {isa = PBXFileReference; lastKnownFileType = folder.assetcatalog; path = Assets.xcassets; sourceTree = "<group>"; };
		04F007312AD4966700E052CB /* Preview Assets.xcassets */ = {isa = PBXFileReference; lastKnownFileType = folder.assetcatalog; path = "Preview Assets.xcassets"; sourceTree = "<group>"; };
		04F007382AD49C1600E052CB /* SecondView.swift */ = {isa = PBXFileReference; lastKnownFileType = sourcecode.swift; path = SecondView.swift; sourceTree = "<group>"; };
		04F0073A2AD49C2100E052CB /* ThirdView.swift */ = {isa = PBXFileReference; lastKnownFileType = sourcecode.swift; path = ThirdView.swift; sourceTree = "<group>"; };
		04F0073F2AD5243500E052CB /* MainCoordinator.swift */ = {isa = PBXFileReference; lastKnownFileType = sourcecode.swift; path = MainCoordinator.swift; sourceTree = "<group>"; };
		04F007412AD54C5B00E052CB /* Navigator.swift */ = {isa = PBXFileReference; lastKnownFileType = sourcecode.swift; path = Navigator.swift; sourceTree = "<group>"; };
		04F007432AD54C8900E052CB /* Coordinator.swift */ = {isa = PBXFileReference; lastKnownFileType = sourcecode.swift; path = Coordinator.swift; sourceTree = "<group>"; };
		04F007452AD54E9400E052CB /* MainAssembly.swift */ = {isa = PBXFileReference; lastKnownFileType = sourcecode.swift; path = MainAssembly.swift; sourceTree = "<group>"; };
		04F0074C2AD554C300E052CB /* DependencyProvider.swift */ = {isa = PBXFileReference; lastKnownFileType = sourcecode.swift; path = DependencyProvider.swift; sourceTree = "<group>"; };
/* End PBXFileReference section */

/* Begin PBXFrameworksBuildPhase section */
		04F007242AD4966300E052CB /* Frameworks */ = {
			isa = PBXFrameworksBuildPhase;
			buildActionMask = 2147483647;
			files = (
				04F0074B2AD54EB400E052CB /* Swinject-Dynamic in Frameworks */,
				04F0073E2AD4C59600E052CB /* FlowStacks in Frameworks */,
				04F007492AD54EB400E052CB /* Swinject in Frameworks */,
			);
			runOnlyForDeploymentPostprocessing = 0;
		};
/* End PBXFrameworksBuildPhase section */

/* Begin PBXGroup section */
		04F0071E2AD4966300E052CB = {
			isa = PBXGroup;
			children = (
				04F007292AD4966300E052CB /* Routing */,
				04F007282AD4966300E052CB /* Products */,
			);
			sourceTree = "<group>";
		};
		04F007282AD4966300E052CB /* Products */ = {
			isa = PBXGroup;
			children = (
				04F007272AD4966300E052CB /* Routing.app */,
			);
			name = Products;
			sourceTree = "<group>";
		};
		04F007292AD4966300E052CB /* Routing */ = {
			isa = PBXGroup;
			children = (
				04F0072A2AD4966300E052CB /* RoutingApp.swift */,
				04F007452AD54E9400E052CB /* MainAssembly.swift */,
				04F0074C2AD554C300E052CB /* DependencyProvider.swift */,
				04F007412AD54C5B00E052CB /* Navigator.swift */,
				04F007432AD54C8900E052CB /* Coordinator.swift */,
				04F0073F2AD5243500E052CB /* MainCoordinator.swift */,
				04F0072C2AD4966300E052CB /* ContentView.swift */,
				04F007382AD49C1600E052CB /* SecondView.swift */,
				04F0073A2AD49C2100E052CB /* ThirdView.swift */,
				04F0072E2AD4966700E052CB /* Assets.xcassets */,
				04F007302AD4966700E052CB /* Preview Content */,
			);
			path = Routing;
			sourceTree = "<group>";
		};
		04F007302AD4966700E052CB /* Preview Content */ = {
			isa = PBXGroup;
			children = (
				04F007312AD4966700E052CB /* Preview Assets.xcassets */,
			);
			path = "Preview Content";
			sourceTree = "<group>";
		};
/* End PBXGroup section */

/* Begin PBXNativeTarget section */
		04F007262AD4966300E052CB /* Routing */ = {
			isa = PBXNativeTarget;
			buildConfigurationList = 04F007352AD4966700E052CB /* Build configuration list for PBXNativeTarget "Routing" */;
			buildPhases = (
				04F007232AD4966300E052CB /* Sources */,
				04F007242AD4966300E052CB /* Frameworks */,
				04F007252AD4966300E052CB /* Resources */,
			);
			buildRules = (
			);
			dependencies = (
			);
			name = Routing;
			packageProductDependencies = (
				04F0073D2AD4C59600E052CB /* FlowStacks */,
				04F007482AD54EB400E052CB /* Swinject */,
				04F0074A2AD54EB400E052CB /* Swinject-Dynamic */,
			);
			productName = Routing;
			productReference = 04F007272AD4966300E052CB /* Routing.app */;
			productType = "com.apple.product-type.application";
		};
/* End PBXNativeTarget section */

/* Begin PBXProject section */
		04F0071F2AD4966300E052CB /* Project object */ = {
			isa = PBXProject;
			attributes = {
				BuildIndependentTargetsInParallel = 1;
				LastSwiftUpdateCheck = 1500;
				LastUpgradeCheck = 1500;
				TargetAttributes = {
					04F007262AD4966300E052CB = {
						CreatedOnToolsVersion = 15.0;
					};
				};
			};
			buildConfigurationList = 04F007222AD4966300E052CB /* Build configuration list for PBXProject "Routing" */;
			compatibilityVersion = "Xcode 14.0";
			developmentRegion = en;
			hasScannedForEncodings = 0;
			knownRegions = (
				en,
				Base,
			);
			mainGroup = 04F0071E2AD4966300E052CB;
			packageReferences = (
				04F0073C2AD4C59600E052CB /* XCRemoteSwiftPackageReference "FlowStacks" */,
				04F007472AD54EB400E052CB /* XCRemoteSwiftPackageReference "Swinject" */,
			);
			productRefGroup = 04F007282AD4966300E052CB /* Products */;
			projectDirPath = "";
			projectRoot = "";
			targets = (
				04F007262AD4966300E052CB /* Routing */,
			);
		};
/* End PBXProject section */

/* Begin PBXResourcesBuildPhase section */
		04F007252AD4966300E052CB /* Resources */ = {
			isa = PBXResourcesBuildPhase;
			buildActionMask = 2147483647;
			files = (
				04F007322AD4966700E052CB /* Preview Assets.xcassets in Resources */,
				04F0072F2AD4966700E052CB /* Assets.xcassets in Resources */,
			);
			runOnlyForDeploymentPostprocessing = 0;
		};
/* End PBXResourcesBuildPhase section */

/* Begin PBXSourcesBuildPhase section */
		04F007232AD4966300E052CB /* Sources */ = {
			isa = PBXSourcesBuildPhase;
			buildActionMask = 2147483647;
			files = (
				04F0072D2AD4966300E052CB /* ContentView.swift in Sources */,
				04F007392AD49C1600E052CB /* SecondView.swift in Sources */,
				04F007462AD54E9400E052CB /* MainAssembly.swift in Sources */,
				04F0073B2AD49C2100E052CB /* ThirdView.swift in Sources */,
				04F007402AD5243500E052CB /* MainCoordinator.swift in Sources */,
				04F0072B2AD4966300E052CB /* RoutingApp.swift in Sources */,
				04F0074D2AD554C400E052CB /* DependencyProvider.swift in Sources */,
				04F007422AD54C5B00E052CB /* Navigator.swift in Sources */,
				04F007442AD54C8900E052CB /* Coordinator.swift in Sources */,
			);
			runOnlyForDeploymentPostprocessing = 0;
		};
/* End PBXSourcesBuildPhase section */

/* Begin XCBuildConfiguration section */
		04F007332AD4966700E052CB /* Debug */ = {
			isa = XCBuildConfiguration;
			buildSettings = {
				ALWAYS_SEARCH_USER_PATHS = NO;
				ASSETCATALOG_COMPILER_GENERATE_SWIFT_ASSET_SYMBOL_EXTENSIONS = YES;
				CLANG_ANALYZER_NONNULL = YES;
				CLANG_ANALYZER_NUMBER_OBJECT_CONVERSION = YES_AGGRESSIVE;
				CLANG_CXX_LANGUAGE_STANDARD = "gnu++20";
				CLANG_ENABLE_MODULES = YES;
				CLANG_ENABLE_OBJC_ARC = YES;
				CLANG_ENABLE_OBJC_WEAK = YES;
				CLANG_WARN_BLOCK_CAPTURE_AUTORELEASING = YES;
				CLANG_WARN_BOOL_CONVERSION = YES;
				CLANG_WARN_COMMA = YES;
				CLANG_WARN_CONSTANT_CONVERSION = YES;
				CLANG_WARN_DEPRECATED_OBJC_IMPLEMENTATIONS = YES;
				CLANG_WARN_DIRECT_OBJC_ISA_USAGE = YES_ERROR;
				CLANG_WARN_DOCUMENTATION_COMMENTS = YES;
				CLANG_WARN_EMPTY_BODY = YES;
				CLANG_WARN_ENUM_CONVERSION = YES;
				CLANG_WARN_INFINITE_RECURSION = YES;
				CLANG_WARN_INT_CONVERSION = YES;
				CLANG_WARN_NON_LITERAL_NULL_CONVERSION = YES;
				CLANG_WARN_OBJC_IMPLICIT_RETAIN_SELF = YES;
				CLANG_WARN_OBJC_LITERAL_CONVERSION = YES;
				CLANG_WARN_OBJC_ROOT_CLASS = YES_ERROR;
				CLANG_WARN_QUOTED_INCLUDE_IN_FRAMEWORK_HEADER = YES;
				CLANG_WARN_RANGE_LOOP_ANALYSIS = YES;
				CLANG_WARN_STRICT_PROTOTYPES = YES;
				CLANG_WARN_SUSPICIOUS_MOVE = YES;
				CLANG_WARN_UNGUARDED_AVAILABILITY = YES_AGGRESSIVE;
				CLANG_WARN_UNREACHABLE_CODE = YES;
				CLANG_WARN__DUPLICATE_METHOD_MATCH = YES;
				COPY_PHASE_STRIP = NO;
				DEBUG_INFORMATION_FORMAT = dwarf;
				ENABLE_STRICT_OBJC_MSGSEND = YES;
				ENABLE_TESTABILITY = YES;
				ENABLE_USER_SCRIPT_SANDBOXING = YES;
				GCC_C_LANGUAGE_STANDARD = gnu17;
				GCC_DYNAMIC_NO_PIC = NO;
				GCC_NO_COMMON_BLOCKS = YES;
				GCC_OPTIMIZATION_LEVEL = 0;
				GCC_PREPROCESSOR_DEFINITIONS = (
					"DEBUG=1",
					"$(inherited)",
				);
				GCC_WARN_64_TO_32_BIT_CONVERSION = YES;
				GCC_WARN_ABOUT_RETURN_TYPE = YES_ERROR;
				GCC_WARN_UNDECLARED_SELECTOR = YES;
				GCC_WARN_UNINITIALIZED_AUTOS = YES_AGGRESSIVE;
				GCC_WARN_UNUSED_FUNCTION = YES;
				GCC_WARN_UNUSED_VARIABLE = YES;
				IPHONEOS_DEPLOYMENT_TARGET = 17.0;
				LOCALIZATION_PREFERS_STRING_CATALOGS = YES;
				MTL_ENABLE_DEBUG_INFO = INCLUDE_SOURCE;
				MTL_FAST_MATH = YES;
				ONLY_ACTIVE_ARCH = YES;
				SDKROOT = iphoneos;
				SWIFT_ACTIVE_COMPILATION_CONDITIONS = "DEBUG $(inherited)";
				SWIFT_OPTIMIZATION_LEVEL = "-Onone";
			};
			name = Debug;
		};
		04F007342AD4966700E052CB /* Release */ = {
			isa = XCBuildConfiguration;
			buildSettings = {
				ALWAYS_SEARCH_USER_PATHS = NO;
				ASSETCATALOG_COMPILER_GENERATE_SWIFT_ASSET_SYMBOL_EXTENSIONS = YES;
				CLANG_ANALYZER_NONNULL = YES;
				CLANG_ANALYZER_NUMBER_OBJECT_CONVERSION = YES_AGGRESSIVE;
				CLANG_CXX_LANGUAGE_STANDARD = "gnu++20";
				CLANG_ENABLE_MODULES = YES;
				CLANG_ENABLE_OBJC_ARC = YES;
				CLANG_ENABLE_OBJC_WEAK = YES;
				CLANG_WARN_BLOCK_CAPTURE_AUTORELEASING = YES;
				CLANG_WARN_BOOL_CONVERSION = YES;
				CLANG_WARN_COMMA = YES;
				CLANG_WARN_CONSTANT_CONVERSION = YES;
				CLANG_WARN_DEPRECATED_OBJC_IMPLEMENTATIONS = YES;
				CLANG_WARN_DIRECT_OBJC_ISA_USAGE = YES_ERROR;
				CLANG_WARN_DOCUMENTATION_COMMENTS = YES;
				CLANG_WARN_EMPTY_BODY = YES;
				CLANG_WARN_ENUM_CONVERSION = YES;
				CLANG_WARN_INFINITE_RECURSION = YES;
				CLANG_WARN_INT_CONVERSION = YES;
				CLANG_WARN_NON_LITERAL_NULL_CONVERSION = YES;
				CLANG_WARN_OBJC_IMPLICIT_RETAIN_SELF = YES;
				CLANG_WARN_OBJC_LITERAL_CONVERSION = YES;
				CLANG_WARN_OBJC_ROOT_CLASS = YES_ERROR;
				CLANG_WARN_QUOTED_INCLUDE_IN_FRAMEWORK_HEADER = YES;
				CLANG_WARN_RANGE_LOOP_ANALYSIS = YES;
				CLANG_WARN_STRICT_PROTOTYPES = YES;
				CLANG_WARN_SUSPICIOUS_MOVE = YES;
				CLANG_WARN_UNGUARDED_AVAILABILITY = YES_AGGRESSIVE;
				CLANG_WARN_UNREACHABLE_CODE = YES;
				CLANG_WARN__DUPLICATE_METHOD_MATCH = YES;
				COPY_PHASE_STRIP = NO;
				DEBUG_INFORMATION_FORMAT = "dwarf-with-dsym";
				ENABLE_NS_ASSERTIONS = NO;
				ENABLE_STRICT_OBJC_MSGSEND = YES;
				ENABLE_USER_SCRIPT_SANDBOXING = YES;
				GCC_C_LANGUAGE_STANDARD = gnu17;
				GCC_NO_COMMON_BLOCKS = YES;
				GCC_WARN_64_TO_32_BIT_CONVERSION = YES;
				GCC_WARN_ABOUT_RETURN_TYPE = YES_ERROR;
				GCC_WARN_UNDECLARED_SELECTOR = YES;
				GCC_WARN_UNINITIALIZED_AUTOS = YES_AGGRESSIVE;
				GCC_WARN_UNUSED_FUNCTION = YES;
				GCC_WARN_UNUSED_VARIABLE = YES;
				IPHONEOS_DEPLOYMENT_TARGET = 17.0;
				LOCALIZATION_PREFERS_STRING_CATALOGS = YES;
				MTL_ENABLE_DEBUG_INFO = NO;
				MTL_FAST_MATH = YES;
				SDKROOT = iphoneos;
				SWIFT_COMPILATION_MODE = wholemodule;
				VALIDATE_PRODUCT = YES;
			};
			name = Release;
		};
		04F007362AD4966700E052CB /* Debug */ = {
			isa = XCBuildConfiguration;
			buildSettings = {
				ASSETCATALOG_COMPILER_APPICON_NAME = AppIcon;
				ASSETCATALOG_COMPILER_GLOBAL_ACCENT_COLOR_NAME = AccentColor;
				CODE_SIGN_STYLE = Automatic;
				CURRENT_PROJECT_VERSION = 1;
				DEVELOPMENT_ASSET_PATHS = "\"Routing/Preview Content\"";
				ENABLE_PREVIEWS = YES;
				GENERATE_INFOPLIST_FILE = YES;
				INFOPLIST_KEY_UIApplicationSceneManifest_Generation = YES;
				INFOPLIST_KEY_UIApplicationSupportsIndirectInputEvents = YES;
				INFOPLIST_KEY_UILaunchScreen_Generation = YES;
				INFOPLIST_KEY_UISupportedInterfaceOrientations_iPad = "UIInterfaceOrientationPortrait UIInterfaceOrientationPortraitUpsideDown UIInterfaceOrientationLandscapeLeft UIInterfaceOrientationLandscapeRight";
				INFOPLIST_KEY_UISupportedInterfaceOrientations_iPhone = "UIInterfaceOrientationPortrait UIInterfaceOrientationLandscapeLeft UIInterfaceOrientationLandscapeRight";
				LD_RUNPATH_SEARCH_PATHS = (
					"$(inherited)",
					"@executable_path/Frameworks",
				);
				MARKETING_VERSION = 1.0;
				PRODUCT_BUNDLE_IDENTIFIER = sofatech.Routing;
				PRODUCT_NAME = "$(TARGET_NAME)";
				SWIFT_EMIT_LOC_STRINGS = YES;
				SWIFT_VERSION = 5.0;
				TARGETED_DEVICE_FAMILY = "1,2";
			};
			name = Debug;
		};
		04F007372AD4966700E052CB /* Release */ = {
			isa = XCBuildConfiguration;
			buildSettings = {
				ASSETCATALOG_COMPILER_APPICON_NAME = AppIcon;
				ASSETCATALOG_COMPILER_GLOBAL_ACCENT_COLOR_NAME = AccentColor;
				CODE_SIGN_STYLE = Automatic;
				CURRENT_PROJECT_VERSION = 1;
				DEVELOPMENT_ASSET_PATHS = "\"Routing/Preview Content\"";
				ENABLE_PREVIEWS = YES;
				GENERATE_INFOPLIST_FILE = YES;
				INFOPLIST_KEY_UIApplicationSceneManifest_Generation = YES;
				INFOPLIST_KEY_UIApplicationSupportsIndirectInputEvents = YES;
				INFOPLIST_KEY_UILaunchScreen_Generation = YES;
				INFOPLIST_KEY_UISupportedInterfaceOrientations_iPad = "UIInterfaceOrientationPortrait UIInterfaceOrientationPortraitUpsideDown UIInterfaceOrientationLandscapeLeft UIInterfaceOrientationLandscapeRight";
				INFOPLIST_KEY_UISupportedInterfaceOrientations_iPhone = "UIInterfaceOrientationPortrait UIInterfaceOrientationLandscapeLeft UIInterfaceOrientationLandscapeRight";
				LD_RUNPATH_SEARCH_PATHS = (
					"$(inherited)",
					"@executable_path/Frameworks",
				);
				MARKETING_VERSION = 1.0;
				PRODUCT_BUNDLE_IDENTIFIER = sofatech.Routing;
				PRODUCT_NAME = "$(TARGET_NAME)";
				SWIFT_EMIT_LOC_STRINGS = YES;
				SWIFT_VERSION = 5.0;
				TARGETED_DEVICE_FAMILY = "1,2";
			};
			name = Release;
		};
/* End XCBuildConfiguration section */

/* Begin XCConfigurationList section */
		04F007222AD4966300E052CB /* Build configuration list for PBXProject "Routing" */ = {
			isa = XCConfigurationList;
			buildConfigurations = (
				04F007332AD4966700E052CB /* Debug */,
				04F007342AD4966700E052CB /* Release */,
			);
			defaultConfigurationIsVisible = 0;
			defaultConfigurationName = Release;
		};
		04F007352AD4966700E052CB /* Build configuration list for PBXNativeTarget "Routing" */ = {
			isa = XCConfigurationList;
			buildConfigurations = (
				04F007362AD4966700E052CB /* Debug */,
				04F007372AD4966700E052CB /* Release */,
			);
			defaultConfigurationIsVisible = 0;
			defaultConfigurationName = Release;
		};
/* End XCConfigurationList section */

/* Begin XCRemoteSwiftPackageReference section */
		04F0073C2AD4C59600E052CB /* XCRemoteSwiftPackageReference "FlowStacks" */ = {
			isa = XCRemoteSwiftPackageReference;
			repositoryURL = "https://github.com/johnpatrickmorgan/FlowStacks";
			requirement = {
				kind = upToNextMajorVersion;
				minimumVersion = 0.3.4;
			};
		};
		04F007472AD54EB400E052CB /* XCRemoteSwiftPackageReference "Swinject" */ = {
			isa = XCRemoteSwiftPackageReference;
			repositoryURL = "https://github.com/Swinject/Swinject";
			requirement = {
				kind = upToNextMajorVersion;
				minimumVersion = 2.8.4;
			};
		};
/* End XCRemoteSwiftPackageReference section */

/* Begin XCSwiftPackageProductDependency section */
		04F0073D2AD4C59600E052CB /* FlowStacks */ = {
			isa = XCSwiftPackageProductDependency;
			package = 04F0073C2AD4C59600E052CB /* XCRemoteSwiftPackageReference "FlowStacks" */;
			productName = FlowStacks;
		};
		04F007482AD54EB400E052CB /* Swinject */ = {
			isa = XCSwiftPackageProductDependency;
			package = 04F007472AD54EB400E052CB /* XCRemoteSwiftPackageReference "Swinject" */;
			productName = Swinject;
		};
		04F0074A2AD54EB400E052CB /* Swinject-Dynamic */ = {
			isa = XCSwiftPackageProductDependency;
			package = 04F007472AD54EB400E052CB /* XCRemoteSwiftPackageReference "Swinject" */;
			productName = "Swinject-Dynamic";
		};
/* End XCSwiftPackageProductDependency section */
	};
	rootObject = 04F0071F2AD4966300E052CB /* Project object */;
}
